// !$*UTF8*$!
{
	archiveVersion = 1;
	classes = {
	};
	objectVersion = 77;
	objects = {

/* Begin PBXBuildFile section */
		2BBEE6902FFCE7C60086EBB7 /* WidgetKit.framework in Frameworks */ = {isa = PBXBuildFile; fileRef = 2BBEE68F2FFCE7C60086EBB7 /* WidgetKit.framework */; };
		2BBEE6922FFCE7C60086EBB7 /* SwiftUI.framework in Frameworks */ = {isa = PBXBuildFile; fileRef = 2BBEE6912FFCE7C60086EBB7 /* SwiftUI.framework */; };
		2BBEE6A12FFCE7D20086EBB7 /* RegenWidgetExtension.appex in Embed Foundation Extensions */ = {isa = PBXBuildFile; fileRef = 2BBEE68D2FFCE7C60086EBB7 /* RegenWidgetExtension.appex */; settings = {ATTRIBUTES = (RemoveHeadersOnCopy, ); }; };
/* End PBXBuildFile section */

/* Begin PBXContainerItemProxy section */
		2BBEE69F2FFCE7D20086EBB7 /* PBXContainerItemProxy */ = {
			isa = PBXContainerItemProxy;
			containerPortal = 2BBEE6732FFCE7310086EBB7 /* Project object */;
			proxyType = 1;
			remoteGlobalIDString = 2BBEE68C2FFCE7C60086EBB7;
			remoteInfo = RegenWidgetExtension;
		};
/* End PBXContainerItemProxy section */

/* Begin PBXCopyFilesBuildPhase section */
		2BBEE6A62FFCE7D30086EBB7 /* Embed Foundation Extensions */ = {
			isa = PBXCopyFilesBuildPhase;
			buildActionMask = 2147483647;
			dstPath = "";
			dstSubfolderSpec = 13;
			files = (
				2BBEE6A12FFCE7D20086EBB7 /* RegenWidgetExtension.appex in Embed Foundation Extensions */,
			);
			name = "Embed Foundation Extensions";
			runOnlyForDeploymentPostprocessing = 0;
		};
/* End PBXCopyFilesBuildPhase section */

/* Begin PBXFileReference section */
		2BBEE67B2FFCE7310086EBB7 /* RegenVorhersage.app */ = {isa = PBXFileReference; explicitFileType = wrapper.application; includeInIndex = 0; path = RegenVorhersage.app; sourceTree = BUILT_PRODUCTS_DIR; };
		2BBEE68D2FFCE7C60086EBB7 /* RegenWidgetExtension.appex */ = {isa = PBXFileReference; explicitFileType = "wrapper.app-extension"; includeInIndex = 0; path = RegenWidgetExtension.appex; sourceTree = BUILT_PRODUCTS_DIR; };
		2BBEE68F2FFCE7C60086EBB7 /* WidgetKit.framework */ = {isa = PBXFileReference; lastKnownFileType = wrapper.framework; name = WidgetKit.framework; path = System/Library/Frameworks/WidgetKit.framework; sourceTree = SDKROOT; };
		2BBEE6912FFCE7C60086EBB7 /* SwiftUI.framework */ = {isa = PBXFileReference; lastKnownFileType = wrapper.framework; name = SwiftUI.framework; path = System/Library/Frameworks/SwiftUI.framework; sourceTree = SDKROOT; };
/* End PBXFileReference section */

/* Begin PBXFileSystemSynchronizedBuildFileExceptionSet section */
		2B44AB3F2FFCFA79007F8F37 /* Exceptions for "RegenWidget" folder in "RegenVorhersage" target */ = {
			isa = PBXFileSystemSynchronizedBuildFileExceptionSet;
			membershipExceptions = (
				BrightSkyProvider.swift,
				PrecipitationProvider.swift,
				RadarFetcher.swift,
				Secrets.swift,
				SharedLocationStore.swift,
				TomorrowIOProvider.swift,
				UVFetcher.swift,
				UVPoint.swift,
			);
			target = 2BBEE67A2FFCE7310086EBB7 /* RegenVorhersage */;
		};
		2BBEE6A22FFCE7D30086EBB7 /* Exceptions for "RegenWidget" folder in "RegenWidgetExtension" target */ = {
			isa = PBXFileSystemSynchronizedBuildFileExceptionSet;
			membershipExceptions = (
				Info.plist,
			);
			target = 2BBEE68C2FFCE7C60086EBB7 /* RegenWidgetExtension */;
		};
		2BBEE6B12FFCE7D30086EBB7 /* Exceptions for "RegenVorhersage" folder in "RegenVorhersage" target */ = {
			isa = PBXFileSystemSynchronizedBuildFileExceptionSet;
			membershipExceptions = (
				Info.plist,
			);
			target = 2BBEE67A2FFCE7310086EBB7 /* RegenVorhersage */;
		};
/* End PBXFileSystemSynchronizedBuildFileExceptionSet section */

/* Begin PBXFileSystemSynchronizedRootGroup section */
		2BBEE67D2FFCE7310086EBB7 /* RegenVorhersage */ = {
			isa = PBXFileSystemSynchronizedRootGroup;
			exceptions = (
				2BBEE6B12FFCE7D30086EBB7 /* Exceptions for "RegenVorhersage" folder in "RegenVorhersage" target */,
			);
			path = RegenVorhersage;
			sourceTree = "<group>";
		};
		2BBEE6932FFCE7C70086EBB7 /* RegenWidget */ = {
			isa = PBXFileSystemSynchronizedRootGroup;
			exceptions = (
				2B44AB3F2FFCFA79007F8F37 /* Exceptions for "RegenWidget" folder in "RegenVorhersage" target */,
				2BBEE6A22FFCE7D30086EBB7 /* Exceptions for "RegenWidget" folder in "RegenWidgetExtension" target */,
			);
			path = RegenWidget;
			sourceTree = "<group>";
		};
/* End PBXFileSystemSynchronizedRootGroup section */

/* Begin PBXFrameworksBuildPhase section */
		2BBEE6782FFCE7310086EBB7 /* Frameworks */ = {
			isa = PBXFrameworksBuildPhase;
			buildActionMask = 2147483647;
			files = (
			);
			runOnlyForDeploymentPostprocessing = 0;
		};
		2BBEE68A2FFCE7C60086EBB7 /* Frameworks */ = {
			isa = PBXFrameworksBuildPhase;
			buildActionMask = 2147483647;
			files = (
				2BBEE6922FFCE7C60086EBB7 /* SwiftUI.framework in Frameworks */,
				2BBEE6902FFCE7C60086EBB7 /* WidgetKit.framework in Frameworks */,
			);
			runOnlyForDeploymentPostprocessing = 0;
		};
/* End PBXFrameworksBuildPhase section */

/* Begin PBXGroup section */
		2BBEE6722FFCE7310086EBB7 = {
			isa = PBXGroup;
			children = (
				2BBEE67D2FFCE7310086EBB7 /* RegenVorhersage */,
				2BBEE6932FFCE7C70086EBB7 /* RegenWidget */,
				2BBEE68E2FFCE7C60086EBB7 /* Frameworks */,
				2BBEE67C2FFCE7310086EBB7 /* Products */,
			);
			sourceTree = "<group>";
		};
		2BBEE67C2FFCE7310086EBB7 /* Products */ = {
			isa = PBXGroup;
			children = (
				2BBEE67B2FFCE7310086EBB7 /* RegenVorhersage.app */,
				2BBEE68D2FFCE7C60086EBB7 /* RegenWidgetExtension.appex */,
			);
			name = Products;
			sourceTree = "<group>";
		};
		2BBEE68E2FFCE7C60086EBB7 /* Frameworks */ = {
			isa = PBXGroup;
			children = (
				2BBEE68F2FFCE7C60086EBB7 /* WidgetKit.framework */,
				2BBEE6912FFCE7C60086EBB7 /* SwiftUI.framework */,
			);
			name = Frameworks;
			sourceTree = "<group>";
		};
/* End PBXGroup section */

/* Begin PBXNativeTarget section */
		2BBEE67A2FFCE7310086EBB7 /* RegenVorhersage */ = {
			isa = PBXNativeTarget;
			buildConfigurationList = 2BBEE6862FFCE7340086EBB7 /* Build configuration list for PBXNativeTarget "RegenVorhersage" */;
			buildPhases = (
				2BBEE6772FFCE7310086EBB7 /* Sources */,
				2BBEE6782FFCE7310086EBB7 /* Frameworks */,
				2BBEE6792FFCE7310086EBB7 /* Resources */,
				2BBEE6A62FFCE7D30086EBB7 /* Embed Foundation Extensions */,
			);
			buildRules = (
			);
			dependencies = (
				2BBEE6A02FFCE7D20086EBB7 /* PBXTargetDependency */,
			);
			fileSystemSynchronizedGroups = (
				2BBEE67D2FFCE7310086EBB7 /* RegenVorhersage */,
			);
			name = RegenVorhersage;
			packageProductDependencies = (
			);
			productName = RegenVorhersage;
			productReference = 2BBEE67B2FFCE7310086EBB7 /* RegenVorhersage.app */;
			productType = "com.apple.product-type.application";
		};
		2BBEE68C2FFCE7C60086EBB7 /* RegenWidgetExtension */ = {
			isa = PBXNativeTarget;
			buildConfigurationList = 2BBEE6A32FFCE7D30086EBB7 /* Build configuration list for PBXNativeTarget "RegenWidgetExtension" */;
			buildPhases = (
				2BBEE6892FFCE7C60086EBB7 /* Sources */,
				2BBEE68A2FFCE7C60086EBB7 /* Frameworks */,
				2BBEE68B2FFCE7C60086EBB7 /* Resources */,
			);
			buildRules = (
			);
			dependencies = (
			);
			fileSystemSynchronizedGroups = (
				2BBEE6932FFCE7C70086EBB7 /* RegenWidget */,
			);
			name = RegenWidgetExtension;
			packageProductDependencies = (
			);
			productName = RegenWidgetExtension;
			productReference = 2BBEE68D2FFCE7C60086EBB7 /* RegenWidgetExtension.appex */;
			productType = "com.apple.product-type.app-extension";
		};
/* End PBXNativeTarget section */

/* Begin PBXProject section */
		2BBEE6732FFCE7310086EBB7 /* Project object */ = {
			isa = PBXProject;
			attributes = {
				BuildIndependentTargetsInParallel = 1;
				LastSwiftUpdateCheck = 2660;
				LastUpgradeCheck = 2660;
				TargetAttributes = {
					2BBEE67A2FFCE7310086EBB7 = {
						CreatedOnToolsVersion = 26.6;
					};
					2BBEE68C2FFCE7C60086EBB7 = {
						CreatedOnToolsVersion = 26.6;
					};
				};
			};
			buildConfigurationList = 2BBEE6762FFCE7310086EBB7 /* Build configuration list for PBXProject "RegenVorhersage" */;
			developmentRegion = en;
			hasScannedForEncodings = 0;
			knownRegions = (
				en,
				Base,
			);
			mainGroup = 2BBEE6722FFCE7310086EBB7;
			minimizedProjectReferenceProxies = 1;
			preferredProjectObjectVersion = 77;
			productRefGroup = 2BBEE67C2FFCE7310086EBB7 /* Products */;
			projectDirPath = "";
			projectRoot = "";
			targets = (
				2BBEE67A2FFCE7310086EBB7 /* RegenVorhersage */,
				2BBEE68C2FFCE7C60086EBB7 /* RegenWidgetExtension */,
			);
		};
/* End PBXProject section */

/* Begin PBXResourcesBuildPhase section */
		2BBEE6792FFCE7310086EBB7 /* Resources */ = {
			isa = PBXResourcesBuildPhase;
			buildActionMask = 2147483647;
			files = (
			);
			runOnlyForDeploymentPostprocessing = 0;
		};
		2BBEE68B2FFCE7C60086EBB7 /* Resources */ = {
			isa = PBXResourcesBuildPhase;
			buildActionMask = 2147483647;
			files = (
			);
			runOnlyForDeploymentPostprocessing = 0;
		};
/* End PBXResourcesBuildPhase section */

/* Begin PBXSourcesBuildPhase section */
		2BBEE6772FFCE7310086EBB7 /* Sources */ = {
			isa = PBXSourcesBuildPhase;
			buildActionMask = 2147483647;
			files = (
			);
			runOnlyForDeploymentPostprocessing = 0;
		};
		2BBEE6892FFCE7C60086EBB7 /* Sources */ = {
			isa = PBXSourcesBuildPhase;
			buildActionMask = 2147483647;
			files = (
			);
			runOnlyForDeploymentPostprocessing = 0;
		};
/* End PBXSourcesBuildPhase section */

/* Begin PBXTargetDependency section */
		2BBEE6A02FFCE7D20086EBB7 /* PBXTargetDependency */ = {
			isa = PBXTargetDependency;
			target = 2BBEE68C2FFCE7C60086EBB7 /* RegenWidgetExtension */;
			targetProxy = 2BBEE69F2FFCE7D20086EBB7 /* PBXContainerItemProxy */;
		};
/* End PBXTargetDependency section */

/* Begin XCBuildConfiguration section */
		2BBEE6842FFCE7340086EBB7 /* Debug */ = {
			isa = XCBuildConfiguration;
			buildSettings = {
				ALWAYS_SEARCH_USER_PATHS = NO;
				ASSETCATALOG_COMPILER_GENERATE_SWIFT_ASSET_SYMBOL_EXTENSIONS = YES;
				CLANG_ANALYZER_NONNULL = YES;
				CLANG_ANALYZER_NUMBER_OBJECT_CONVERSION = YES_AGGRESSIVE;
				CLANG_CXX_LANGUAGE_STANDARD = "gnu++20";
				CLANG_ENABLE_MODULES = YES;
				CLANG_ENABLE_OBJC_ARC = YES;
				CLANG_ENABLE_OBJC_WEAK = YES;
				CLANG_WARN_BLOCK_CAPTURE_AUTORELEASING = YES;
				CLANG_WARN_BOOL_CONVERSION = YES;
				CLANG_WARN_COMMA = YES;
				CLANG_WARN_CONSTANT_CONVERSION = YES;
				CLANG_WARN_DEPRECATED_OBJC_IMPLEMENTATIONS = YES;
				CLANG_WARN_DIRECT_OBJC_ISA_USAGE = YES_ERROR;
				CLANG_WARN_DOCUMENTATION_COMMENTS = YES;
				CLANG_WARN_EMPTY_BODY = YES;
				CLANG_WARN_ENUM_CONVERSION = YES;
				CLANG_WARN_INFINITE_RECURSION = YES;
				CLANG_WARN_INT_CONVERSION = YES;
				CLANG_WARN_NON_LITERAL_NULL_CONVERSION = YES;
				CLANG_WARN_OBJC_IMPLICIT_RETAIN_SELF = YES;
				CLANG_WARN_OBJC_LITERAL_CONVERSION = YES;
				CLANG_WARN_OBJC_ROOT_CLASS = YES_ERROR;
				CLANG_WARN_QUOTED_INCLUDE_IN_FRAMEWORK_HEADER = YES;
				CLANG_WARN_RANGE_LOOP_ANALYSIS = YES;
				CLANG_WARN_STRICT_PROTOTYPES = YES;
				CLANG_WARN_SUSPICIOUS_MOVE = YES;
				CLANG_WARN_UNGUARDED_AVAILABILITY = YES_AGGRESSIVE;
				CLANG_WARN_UNREACHABLE_CODE = YES;
				CLANG_WARN__DUPLICATE_METHOD_MATCH = YES;
				COPY_PHASE_STRIP = NO;
				DEBUG_INFORMATION_FORMAT = dwarf;
				DEVELOPMENT_TEAM = J8T2KSK2HG;
				ENABLE_STRICT_OBJC_MSGSEND = YES;
				ENABLE_TESTABILITY = YES;
				ENABLE_USER_SCRIPT_SANDBOXING = YES;
				GCC_C_LANGUAGE_STANDARD = gnu17;
				GCC_DYNAMIC_NO_PIC = NO;
				GCC_NO_COMMON_BLOCKS = YES;
				GCC_OPTIMIZATION_LEVEL = 0;
				GCC_PREPROCESSOR_DEFINITIONS = (
					"DEBUG=1",
					"$(inherited)",
				);
				GCC_WARN_64_TO_32_BIT_CONVERSION = YES;
				GCC_WARN_ABOUT_RETURN_TYPE = YES_ERROR;
				GCC_WARN_UNDECLARED_SELECTOR = YES;
				GCC_WARN_UNINITIALIZED_AUTOS = YES_AGGRESSIVE;
				GCC_WARN_UNUSED_FUNCTION = YES;
				GCC_WARN_UNUSED_VARIABLE = YES;
				IPHONEOS_DEPLOYMENT_TARGET = 18.0;
				LOCALIZATION_PREFERS_STRING_CATALOGS = YES;
				MTL_ENABLE_DEBUG_INFO = INCLUDE_SOURCE;
				MTL_FAST_MATH = YES;
				ONLY_ACTIVE_ARCH = YES;
				SDKROOT = iphoneos;
				SWIFT_ACTIVE_COMPILATION_CONDITIONS = "DEBUG $(inherited)";
				SWIFT_OPTIMIZATION_LEVEL = "-Onone";
			};
			name = Debug;
		};
		2BBEE6852FFCE7340086EBB7 /* Release */ = {
			isa = XCBuildConfiguration;
			buildSettings = {
				ALWAYS_SEARCH_USER_PATHS = NO;
				ASSETCATALOG_COMPILER_GENERATE_SWIFT_ASSET_SYMBOL_EXTENSIONS = YES;
				CLANG_ANALYZER_NONNULL = YES;
				CLANG_ANALYZER_NUMBER_OBJECT_CONVERSION = YES_AGGRESSIVE;
				CLANG_CXX_LANGUAGE_STANDARD = "gnu++20";
				CLANG_ENABLE_MODULES = YES;
				CLANG_ENABLE_OBJC_ARC = YES;
				CLANG_ENABLE_OBJC_WEAK = YES;
				CLANG_WARN_BLOCK_CAPTURE_AUTORELEASING = YES;
				CLANG_WARN_BOOL_CONVERSION = YES;
				CLANG_WARN_COMMA = YES;
				CLANG_WARN_CONSTANT_CONVERSION = YES;
				CLANG_WARN_DEPRECATED_OBJC_IMPLEMENTATIONS = YES;
				CLANG_WARN_DIRECT_OBJC_ISA_USAGE = YES_ERROR;
				CLANG_WARN_DOCUMENTATION_COMMENTS = YES;
				CLANG_WARN_EMPTY_BODY = YES;
				CLANG_WARN_ENUM_CONVERSION = YES;
				CLANG_WARN_INFINITE_RECURSION = YES;
				CLANG_WARN_INT_CONVERSION = YES;
				CLANG_WARN_NON_LITERAL_NULL_CONVERSION = YES;
				CLANG_WARN_OBJC_IMPLICIT_RETAIN_SELF = YES;
				CLANG_WARN_OBJC_LITERAL_CONVERSION = YES;
				CLANG_WARN_OBJC_ROOT_CLASS = YES_ERROR;
				CLANG_WARN_QUOTED_INCLUDE_IN_FRAMEWORK_HEADER = YES;
				CLANG_WARN_RANGE_LOOP_ANALYSIS = YES;
				CLANG_WARN_STRICT_PROTOTYPES = YES;
				CLANG_WARN_SUSPICIOUS_MOVE = YES;
				CLANG_WARN_UNGUARDED_AVAILABILITY = YES_AGGRESSIVE;
				CLANG_WARN_UNREACHABLE_CODE = YES;
				CLANG_WARN__DUPLICATE_METHOD_MATCH = YES;
				COPY_PHASE_STRIP = NO;
				DEBUG_INFORMATION_FORMAT = "dwarf-with-dsym";
				DEVELOPMENT_TEAM = J8T2KSK2HG;
				ENABLE_NS_ASSERTIONS = NO;
				ENABLE_STRICT_OBJC_MSGSEND = YES;
				ENABLE_USER_SCRIPT_SANDBOXING = YES;
				GCC_C_LANGUAGE_STANDARD = gnu17;
				GCC_NO_COMMON_BLOCKS = YES;
				GCC_WARN_64_TO_32_BIT_CONVERSION = YES;
				GCC_WARN_ABOUT_RETURN_TYPE = YES_ERROR;
				GCC_WARN_UNDECLARED_SELECTOR = YES;
				GCC_WARN_UNINITIALIZED_AUTOS = YES_AGGRESSIVE;
				GCC_WARN_UNUSED_FUNCTION = YES;
				GCC_WARN_UNUSED_VARIABLE = YES;
				IPHONEOS_DEPLOYMENT_TARGET = 18.0;
				LOCALIZATION_PREFERS_STRING_CATALOGS = YES;
				MTL_ENABLE_DEBUG_INFO = NO;
				MTL_FAST_MATH = YES;
				SDKROOT = iphoneos;
				SWIFT_COMPILATION_MODE = wholemodule;
				VALIDATE_PRODUCT = YES;
			};
			name = Release;
		};
		2BBEE6872FFCE7340086EBB7 /* Debug */ = {
			isa = XCBuildConfiguration;
			buildSettings = {
				ASSETCATALOG_COMPILER_APPICON_NAME = AppIcon;
				ASSETCATALOG_COMPILER_GLOBAL_ACCENT_COLOR_NAME = AccentColor;
				CODE_SIGN_ENTITLEMENTS = RegenVorhersage/RegenVorhersage.entitlements;
				CODE_SIGN_STYLE = Automatic;
				CURRENT_PROJECT_VERSION = 1;
				DEVELOPMENT_TEAM = J8T2KSK2HG;
				ENABLE_PREVIEWS = YES;
				GENERATE_INFOPLIST_FILE = YES;
				INFOPLIST_FILE = RegenVorhersage/Info.plist;
				INFOPLIST_KEY_NSLocationWhenInUseUsageDescription = "Die Standortberechtigung wird benötigt, um die Niederschlagsdaten für Ihren aktuellen Standort abzurufen.";
				INFOPLIST_KEY_UIApplicationSceneManifest_Generation = YES;
				INFOPLIST_KEY_UIApplicationSupportsIndirectInputEvents = YES;
				INFOPLIST_KEY_UILaunchScreen_Generation = YES;
				INFOPLIST_KEY_UISupportedInterfaceOrientations_iPad = "UIInterfaceOrientationPortrait UIInterfaceOrientationPortraitUpsideDown UIInterfaceOrientationLandscapeLeft UIInterfaceOrientationLandscapeRight";
				INFOPLIST_KEY_UISupportedInterfaceOrientations_iPhone = "UIInterfaceOrientationPortrait UIInterfaceOrientationLandscapeLeft UIInterfaceOrientationLandscapeRight";
				LD_RUNPATH_SEARCH_PATHS = (
					"$(inherited)",
					"@executable_path/Frameworks",
				);
				MARKETING_VERSION = 1.0;
				PRODUCT_BUNDLE_IDENTIFIER = sascha.RegenVorhersage;
				PRODUCT_NAME = "$(TARGET_NAME)";
				STRING_CATALOG_GENERATE_SYMBOLS = YES;
				SWIFT_EMIT_LOC_STRINGS = YES;
				SWIFT_VERSION = 5.0;
				TARGETED_DEVICE_FAMILY = "1,2";
			};
			name = Debug;
		};
		2BBEE6882FFCE7340086EBB7 /* Release */ = {
			isa = XCBuildConfiguration;
			buildSettings = {
				ASSETCATALOG_COMPILER_APPICON_NAME = AppIcon;
				ASSETCATALOG_COMPILER_GLOBAL_ACCENT_COLOR_NAME = AccentColor;
				CODE_SIGN_ENTITLEMENTS = RegenVorhersage/RegenVorhersage.entitlements;
				CODE_SIGN_STYLE = Automatic;
				CURRENT_PROJECT_VERSION = 1;
				DEVELOPMENT_TEAM = J8T2KSK2HG;
				ENABLE_PREVIEWS = YES;
				GENERATE_INFOPLIST_FILE = YES;
				INFOPLIST_FILE = RegenVorhersage/Info.plist;
				INFOPLIST_KEY_NSLocationWhenInUseUsageDescription = "Die Standortberechtigung wird benötigt, um die Niederschlagsdaten für Ihren aktuellen Standort abzurufen.";
				INFOPLIST_KEY_UIApplicationSceneManifest_Generation = YES;
				INFOPLIST_KEY_UIApplicationSupportsIndirectInputEvents = YES;
				INFOPLIST_KEY_UILaunchScreen_Generation = YES;
				INFOPLIST_KEY_UISupportedInterfaceOrientations_iPad = "UIInterfaceOrientationPortrait UIInterfaceOrientationPortraitUpsideDown UIInterfaceOrientationLandscapeLeft UIInterfaceOrientationLandscapeRight";
				INFOPLIST_KEY_UISupportedInterfaceOrientations_iPhone = "UIInterfaceOrientationPortrait UIInterfaceOrientationLandscapeLeft UIInterfaceOrientationLandscapeRight";
				LD_RUNPATH_SEARCH_PATHS = (
					"$(inherited)",
					"@executable_path/Frameworks",
				);
				MARKETING_VERSION = 1.0;
				PRODUCT_BUNDLE_IDENTIFIER = sascha.RegenVorhersage;
				PRODUCT_NAME = "$(TARGET_NAME)";
				STRING_CATALOG_GENERATE_SYMBOLS = YES;
				SWIFT_EMIT_LOC_STRINGS = YES;
				SWIFT_VERSION = 5.0;
				TARGETED_DEVICE_FAMILY = "1,2";
			};
			name = Release;
		};
		2BBEE6A42FFCE7D30086EBB7 /* Debug */ = {
			isa = XCBuildConfiguration;
			buildSettings = {
				ASSETCATALOG_COMPILER_GLOBAL_ACCENT_COLOR_NAME = AccentColor;
				ASSETCATALOG_COMPILER_WIDGET_BACKGROUND_COLOR_NAME = WidgetBackground;
				CODE_SIGN_ENTITLEMENTS = RegenWidget/RegenWidgetExtension.entitlements;
				CODE_SIGN_STYLE = Automatic;
				CURRENT_PROJECT_VERSION = 1;
				DEVELOPMENT_TEAM = J8T2KSK2HG;
				GENERATE_INFOPLIST_FILE = YES;
				INFOPLIST_FILE = RegenWidget/Info.plist;
				INFOPLIST_KEY_CFBundleDisplayName = RegenWidget;
				INFOPLIST_KEY_NSHumanReadableCopyright = "";
				LD_RUNPATH_SEARCH_PATHS = (
					"$(inherited)",
					"@executable_path/Frameworks",
					"@executable_path/../../Frameworks",
				);
				MARKETING_VERSION = 1.0;
				PRODUCT_BUNDLE_IDENTIFIER = sascha.RegenVorhersage.RegenWidget;
				PRODUCT_NAME = "$(TARGET_NAME)";
				SKIP_INSTALL = YES;
				STRING_CATALOG_GENERATE_SYMBOLS = YES;
				SWIFT_EMIT_LOC_STRINGS = YES;
				SWIFT_VERSION = 5.0;
				TARGETED_DEVICE_FAMILY = "1,2";
			};
			name = Debug;
		};
		2BBEE6A52FFCE7D30086EBB7 /* Release */ = {
			isa = XCBuildConfiguration;
			buildSettings = {
				ASSETCATALOG_COMPILER_GLOBAL_ACCENT_COLOR_NAME = AccentColor;
				ASSETCATALOG_COMPILER_WIDGET_BACKGROUND_COLOR_NAME = WidgetBackground;
				CODE_SIGN_ENTITLEMENTS = RegenWidget/RegenWidgetExtension.entitlements;
				CODE_SIGN_STYLE = Automatic;
				CURRENT_PROJECT_VERSION = 1;
				DEVELOPMENT_TEAM = J8T2KSK2HG;
				GENERATE_INFOPLIST_FILE = YES;
				INFOPLIST_FILE = RegenWidget/Info.plist;
				INFOPLIST_KEY_CFBundleDisplayName = RegenWidget;
				INFOPLIST_KEY_NSHumanReadableCopyright = "";
				LD_RUNPATH_SEARCH_PATHS = (
					"$(inherited)",
					"@executable_path/Frameworks",
					"@executable_path/../../Frameworks",
				);
				MARKETING_VERSION = 1.0;
				PRODUCT_BUNDLE_IDENTIFIER = sascha.RegenVorhersage.RegenWidget;
				PRODUCT_NAME = "$(TARGET_NAME)";
				SKIP_INSTALL = YES;
				STRING_CATALOG_GENERATE_SYMBOLS = YES;
				SWIFT_EMIT_LOC_STRINGS = YES;
				SWIFT_VERSION = 5.0;
				TARGETED_DEVICE_FAMILY = "1,2";
			};
			name = Release;
		};
/* End XCBuildConfiguration section */

/* Begin XCConfigurationList section */
		2BBEE6762FFCE7310086EBB7 /* Build configuration list for PBXProject "RegenVorhersage" */ = {
			isa = XCConfigurationList;
			buildConfigurations = (
				2BBEE6842FFCE7340086EBB7 /* Debug */,
				2BBEE6852FFCE7340086EBB7 /* Release */,
			);
			defaultConfigurationIsVisible = 0;
			defaultConfigurationName = Release;
		};
		2BBEE6862FFCE7340086EBB7 /* Build configuration list for PBXNativeTarget "RegenVorhersage" */ = {
			isa = XCConfigurationList;
			buildConfigurations = (
				2BBEE6872FFCE7340086EBB7 /* Debug */,
				2BBEE6882FFCE7340086EBB7 /* Release */,
			);
			defaultConfigurationIsVisible = 0;
			defaultConfigurationName = Release;
		};
		2BBEE6A32FFCE7D30086EBB7 /* Build configuration list for PBXNativeTarget "RegenWidgetExtension" */ = {
			isa = XCConfigurationList;
			buildConfigurations = (
				2BBEE6A42FFCE7D30086EBB7 /* Debug */,
				2BBEE6A52FFCE7D30086EBB7 /* Release */,
			);
			defaultConfigurationIsVisible = 0;
			defaultConfigurationName = Release;
		};
/* End XCConfigurationList section */
	};
	rootObject = 2BBEE6732FFCE7310086EBB7 /* Project object */;
}
